
Microsoft Visual Studio Solution File, Format Version 12.00
# Visual Studio Version 17
VisualStudioVersion = 17.3.32811.315
MinimumVisualStudioVersion = 10.0.40219.1
Project("{9A19103F-16F7-4668-BE54-9A1E7A4F7556}") = "QueryableValues.EF6.SqlServer", "src\QueryableValues.EF6.SqlServer\QueryableValues.EF6.SqlServer.csproj", "{474475BD-FFA5-4FE5-A37F-BB9773DCD2CE}"
EndProject
Project("{2150E333-8FDC-42A3-9474-1A3956D46DE8}") = "Solution Items", "Solution Items", "{C69D368C-15B5-49AA-9A31-1621A749E281}"
	ProjectSection(SolutionItems) = preProject
		tests\SharedTestProjectProperties.xml = tests\SharedTestProjectProperties.xml
		Version.xml = Version.xml
	EndProjectSection
EndProject
Project("{FAE04EC0-301F-11D3-BF4B-00C04F79EFBC}") = "QueryableValues.EF6.SqlServer.Tests.EF61", "tests\QueryableValues.EF6.SqlServer.Tests.EF61\QueryableValues.EF6.SqlServer.Tests.EF61.csproj", "{B69625DE-1122-47B7-AAA4-F6F6FFFDB28B}"
EndProject
Project("{FAE04EC0-301F-11D3-BF4B-00C04F79EFBC}") = "QueryableValues.EF6.SqlServer.Tests.EF60", "tests\QueryableValues.EF6.SqlServer.Tests.EF60\QueryableValues.EF6.SqlServer.Tests.EF60.csproj", "{B69625DE-1122-47B7-AAA4-F6F6FFFDB28A}"
EndProject
Project("{FAE04EC0-301F-11D3-BF4B-00C04F79EFBC}") = "QueryableValues.EF6.SqlServer.Tests.EF62", "tests\QueryableValues.EF6.SqlServer.Tests.EF62\QueryableValues.EF6.SqlServer.Tests.EF62.csproj", "{B69625DE-1122-47B7-AAA4-F6F6FFFDB28C}"
EndProject
Project("{FAE04EC0-301F-11D3-BF4B-00C04F79EFBC}") = "QueryableValues.EF6.SqlServer.Tests.EF63", "tests\QueryableValues.EF6.SqlServer.Tests.EF63\QueryableValues.EF6.SqlServer.Tests.EF63.csproj", "{B69625DE-1122-47B7-AAA4-F6F6FFFDB28D}"
EndProject
Project("{FAE04EC0-301F-11D3-BF4B-00C04F79EFBC}") = "QueryableValues.EF6.SqlServer.Tests.EF64", "tests\QueryableValues.EF6.SqlServer.Tests.EF64\QueryableValues.EF6.SqlServer.Tests.EF64.csproj", "{B69625DE-1122-47B7-AAA4-F6F6FFFDB28E}"
EndProject
Project("{9A19103F-16F7-4668-BE54-9A1E7A4F7556}") = "QueryableValues.EF6.SqlServer.Tests.EF64.DotNetCore", "tests\QueryableValues.EF6.SqlServer.Tests.EF64.DotNetCore\QueryableValues.EF6.SqlServer.Tests.EF64.DotNetCore.csproj", "{A0D2A4DB-C029-45A3-B318-5BBC5DEC1CED}"
EndProject
Global
	GlobalSection(SolutionConfigurationPlatforms) = preSolution
		Debug|Any CPU = Debug|Any CPU
		Release|Any CPU = Release|Any CPU
	EndGlobalSection
	GlobalSection(ProjectConfigurationPlatforms) = postSolution
		{474475BD-FFA5-4FE5-A37F-BB9773DCD2CE}.Debug|Any CPU.ActiveCfg = Debug|Any CPU
		{474475BD-FFA5-4FE5-A37F-BB9773DCD2CE}.Debug|Any CPU.Build.0 = Debug|Any CPU
		{474475BD-FFA5-4FE5-A37F-BB9773DCD2CE}.Release|Any CPU.ActiveCfg = Release|Any CPU
		{474475BD-FFA5-4FE5-A37F-BB9773DCD2CE}.Release|Any CPU.Build.0 = Release|Any CPU
		{B69625DE-1122-47B7-AAA4-F6F6FFFDB28B}.Debug|Any CPU.ActiveCfg = Debug|Any CPU
		{B69625DE-1122-47B7-AAA4-F6F6FFFDB28B}.Debug|Any CPU.Build.0 = Debug|Any CPU
		{B69625DE-1122-47B7-AAA4-F6F6FFFDB28B}.Release|Any CPU.ActiveCfg = Release|Any CPU
		{B69625DE-1122-47B7-AAA4-F6F6FFFDB28B}.Release|Any CPU.Build.0 = Release|Any CPU
		{B69625DE-1122-47B7-AAA4-F6F6FFFDB28A}.Debug|Any CPU.ActiveCfg = Debug|Any CPU
		{B69625DE-1122-47B7-AAA4-F6F6FFFDB28A}.Debug|Any CPU.Build.0 = Debug|Any CPU
		{B69625DE-1122-47B7-AAA4-F6F6FFFDB28A}.Release|Any CPU.ActiveCfg = Release|Any CPU
		{B69625DE-1122-47B7-AAA4-F6F6FFFDB28A}.Release|Any CPU.Build.0 = Release|Any CPU
		{B69625DE-1122-47B7-AAA4-F6F6FFFDB28C}.Debug|Any CPU.ActiveCfg = Debug|Any CPU
		{B69625DE-1122-47B7-AAA4-F6F6FFFDB28C}.Debug|Any CPU.Build.0 = Debug|Any CPU
		{B69625DE-1122-47B7-AAA4-F6F6FFFDB28C}.Release|Any CPU.ActiveCfg = Release|Any CPU
		{B69625DE-1122-47B7-AAA4-F6F6FFFDB28C}.Release|Any CPU.Build.0 = Release|Any CPU
		{B69625DE-1122-47B7-AAA4-F6F6FFFDB28D}.Debug|Any CPU.ActiveCfg = Debug|Any CPU
		{B69625DE-1122-47B7-AAA4-F6F6FFFDB28D}.Debug|Any CPU.Build.0 = Debug|Any CPU
		{B69625DE-1122-47B7-AAA4-F6F6FFFDB28D}.Release|Any CPU.ActiveCfg = Release|Any CPU
		{B69625DE-1122-47B7-AAA4-F6F6FFFDB28D}.Release|Any CPU.Build.0 = Release|Any CPU
		{B69625DE-1122-47B7-AAA4-F6F6FFFDB28E}.Debug|Any CPU.ActiveCfg = Debug|Any CPU
		{B69625DE-1122-47B7-AAA4-F6F6FFFDB28E}.Debug|Any CPU.Build.0 = Debug|Any CPU
		{B69625DE-1122-47B7-AAA4-F6F6FFFDB28E}.Release|Any CPU.ActiveCfg = Release|Any CPU
		{B69625DE-1122-47B7-AAA4-F6F6FFFDB28E}.Release|Any CPU.Build.0 = Release|Any CPU
		{A0D2A4DB-C029-45A3-B318-5BBC5DEC1CED}.Debug|Any CPU.ActiveCfg = Debug|Any CPU
		{A0D2A4DB-C029-45A3-B318-5BBC5DEC1CED}.Debug|Any CPU.Build.0 = Debug|Any CPU
		{A0D2A4DB-C029-45A3-B318-5BBC5DEC1CED}.Release|Any CPU.ActiveCfg = Release|Any CPU
		{A0D2A4DB-C029-45A3-B318-5BBC5DEC1CED}.Release|Any CPU.Build.0 = Release|Any CPU
	EndGlobalSection
	GlobalSection(SolutionProperties) = preSolution
		HideSolutionNode = FALSE
	EndGlobalSection
	GlobalSection(ExtensibilityGlobals) = postSolution
		SolutionGuid = {15FF997E-1580-4F69-A6EF-E3F9DC9E1C2D}
	EndGlobalSection
EndGlobal
